
Microsoft Visual Studio Solution File, Format Version 12.00
# Visual Studio Version 17
VisualStudioVersion = 17.0.31903.59
MinimumVisualStudioVersion = 10.0.40219.1
Project("{2150E333-8FDC-42A3-9474-1A3956D46DE8}") = "src", "src", "{827E0CD3-B72D-47B6-A68D-7590B98EB39B}"
EndProject
Project("{FAE04EC0-301F-11D3-BF4B-00C04F79EFBC}") = "BM.B2BProvider.Domain", "src\BM.B2BProvider.Domain\BM.B2BProvider.Domain.csproj", "{A004A4DC-22F0-4998-9343-AC6A8392ADF4}"
EndProject
Project("{FAE04EC0-301F-11D3-BF4B-00C04F79EFBC}") = "BM.B2BProvider.Application", "src\BM.B2BProvider.Application\BM.B2BProvider.Application.csproj", "{A767D929-90B8-4EE6-8152-4EC5D3BD1EEC}"
EndProject
Project("{FAE04EC0-301F-11D3-BF4B-00C04F79EFBC}") = "BM.B2BProvider.Infrastructure", "src\BM.B2BProvider.Infrastructure\BM.B2BProvider.Infrastructure.csproj", "{3792E07C-FE06-4410-8D85-F7615CA09ED8}"
EndProject
Project("{FAE04EC0-301F-11D3-BF4B-00C04F79EFBC}") = "BM.B2BProvider.Presentation", "src\BM.B2BProvider.Presentation\BM.B2BProvider.Presentation.csproj", "{DEA99E09-D66E-43E8-AB8E-E68655C26108}"
EndProject
Global
	GlobalSection(SolutionConfigurationPlatforms) = preSolution
		Debug|Any CPU = Debug|Any CPU
		Debug|x64 = Debug|x64
		Debug|x86 = Debug|x86
		Release|Any CPU = Release|Any CPU
		Release|x64 = Release|x64
		Release|x86 = Release|x86
	EndGlobalSection
	GlobalSection(ProjectConfigurationPlatforms) = postSolution
		{A004A4DC-22F0-4998-9343-AC6A8392ADF4}.Debug|Any CPU.ActiveCfg = Debug|Any CPU
		{A004A4DC-22F0-4998-9343-AC6A8392ADF4}.Debug|Any CPU.Build.0 = Debug|Any CPU
		{A004A4DC-22F0-4998-9343-AC6A8392ADF4}.Debug|x64.ActiveCfg = Debug|Any CPU
		{A004A4DC-22F0-4998-9343-AC6A8392ADF4}.Debug|x64.Build.0 = Debug|Any CPU
		{A004A4DC-22F0-4998-9343-AC6A8392ADF4}.Debug|x86.ActiveCfg = Debug|Any CPU
		{A004A4DC-22F0-4998-9343-AC6A8392ADF4}.Debug|x86.Build.0 = Debug|Any CPU
		{A004A4DC-22F0-4998-9343-AC6A8392ADF4}.Release|Any CPU.ActiveCfg = Release|Any CPU
		{A004A4DC-22F0-4998-9343-AC6A8392ADF4}.Release|Any CPU.Build.0 = Release|Any CPU
		{A004A4DC-22F0-4998-9343-AC6A8392ADF4}.Release|x64.ActiveCfg = Release|Any CPU
		{A004A4DC-22F0-4998-9343-AC6A8392ADF4}.Release|x64.Build.0 = Release|Any CPU
		{A004A4DC-22F0-4998-9343-AC6A8392ADF4}.Release|x86.ActiveCfg = Release|Any CPU
		{A004A4DC-22F0-4998-9343-AC6A8392ADF4}.Release|x86.Build.0 = Release|Any CPU
		{A767D929-90B8-4EE6-8152-4EC5D3BD1EEC}.Debug|Any CPU.ActiveCfg = Debug|Any CPU
		{A767D929-90B8-4EE6-8152-4EC5D3BD1EEC}.Debug|Any CPU.Build.0 = Debug|Any CPU
		{A767D929-90B8-4EE6-8152-4EC5D3BD1EEC}.Debug|x64.ActiveCfg = Debug|Any CPU
		{A767D929-90B8-4EE6-8152-4EC5D3BD1EEC}.Debug|x64.Build.0 = Debug|Any CPU
		{A767D929-90B8-4EE6-8152-4EC5D3BD1EEC}.Debug|x86.ActiveCfg = Debug|Any CPU
		{A767D929-90B8-4EE6-8152-4EC5D3BD1EEC}.Debug|x86.Build.0 = Debug|Any CPU
		{A767D929-90B8-4EE6-8152-4EC5D3BD1EEC}.Release|Any CPU.ActiveCfg = Release|Any CPU
		{A767D929-90B8-4EE6-8152-4EC5D3BD1EEC}.Release|Any CPU.Build.0 = Release|Any CPU
		{A767D929-90B8-4EE6-8152-4EC5D3BD1EEC}.Release|x64.ActiveCfg = Release|Any CPU
		{A767D929-90B8-4EE6-8152-4EC5D3BD1EEC}.Release|x64.Build.0 = Release|Any CPU
		{A767D929-90B8-4EE6-8152-4EC5D3BD1EEC}.Release|x86.ActiveCfg = Release|Any CPU
		{A767D929-90B8-4EE6-8152-4EC5D3BD1EEC}.Release|x86.Build.0 = Release|Any CPU
		{3792E07C-FE06-4410-8D85-F7615CA09ED8}.Debug|Any CPU.ActiveCfg = Debug|Any CPU
		{3792E07C-FE06-4410-8D85-F7615CA09ED8}.Debug|Any CPU.Build.0 = Debug|Any CPU
		{3792E07C-FE06-4410-8D85-F7615CA09ED8}.Debug|x64.ActiveCfg = Debug|Any CPU
		{3792E07C-FE06-4410-8D85-F7615CA09ED8}.Debug|x64.Build.0 = Debug|Any CPU
		{3792E07C-FE06-4410-8D85-F7615CA09ED8}.Debug|x86.ActiveCfg = Debug|Any CPU
		{3792E07C-FE06-4410-8D85-F7615CA09ED8}.Debug|x86.Build.0 = Debug|Any CPU
		{3792E07C-FE06-4410-8D85-F7615CA09ED8}.Release|Any CPU.ActiveCfg = Release|Any CPU
		{3792E07C-FE06-4410-8D85-F7615CA09ED8}.Release|Any CPU.Build.0 = Release|Any CPU
		{3792E07C-FE06-4410-8D85-F7615CA09ED8}.Release|x64.ActiveCfg = Release|Any CPU
		{3792E07C-FE06-4410-8D85-F7615CA09ED8}.Release|x64.Build.0 = Release|Any CPU
		{3792E07C-FE06-4410-8D85-F7615CA09ED8}.Release|x86.ActiveCfg = Release|Any CPU
		{3792E07C-FE06-4410-8D85-F7615CA09ED8}.Release|x86.Build.0 = Release|Any CPU
		{DEA99E09-D66E-43E8-AB8E-E68655C26108}.Debug|Any CPU.ActiveCfg = Debug|Any CPU
		{DEA99E09-D66E-43E8-AB8E-E68655C26108}.Debug|Any CPU.Build.0 = Debug|Any CPU
		{DEA99E09-D66E-43E8-AB8E-E68655C26108}.Debug|x64.ActiveCfg = Debug|Any CPU
		{DEA99E09-D66E-43E8-AB8E-E68655C26108}.Debug|x64.Build.0 = Debug|Any CPU
		{DEA99E09-D66E-43E8-AB8E-E68655C26108}.Debug|x86.ActiveCfg = Debug|Any CPU
		{DEA99E09-D66E-43E8-AB8E-E68655C26108}.Debug|x86.Build.0 = Debug|Any CPU
		{DEA99E09-D66E-43E8-AB8E-E68655C26108}.Release|Any CPU.ActiveCfg = Release|Any CPU
		{DEA99E09-D66E-43E8-AB8E-E68655C26108}.Release|Any CPU.Build.0 = Release|Any CPU
		{DEA99E09-D66E-43E8-AB8E-E68655C26108}.Release|x64.ActiveCfg = Release|Any CPU
		{DEA99E09-D66E-43E8-AB8E-E68655C26108}.Release|x64.Build.0 = Release|Any CPU
		{DEA99E09-D66E-43E8-AB8E-E68655C26108}.Release|x86.ActiveCfg = Release|Any CPU
		{DEA99E09-D66E-43E8-AB8E-E68655C26108}.Release|x86.Build.0 = Release|Any CPU
	EndGlobalSection
	GlobalSection(SolutionProperties) = preSolution
		HideSolutionNode = FALSE
	EndGlobalSection
	GlobalSection(NestedProjects) = preSolution
		{A004A4DC-22F0-4998-9343-AC6A8392ADF4} = {827E0CD3-B72D-47B6-A68D-7590B98EB39B}
		{A767D929-90B8-4EE6-8152-4EC5D3BD1EEC} = {827E0CD3-B72D-47B6-A68D-7590B98EB39B}
		{3792E07C-FE06-4410-8D85-F7615CA09ED8} = {827E0CD3-B72D-47B6-A68D-7590B98EB39B}
		{DEA99E09-D66E-43E8-AB8E-E68655C26108} = {827E0CD3-B72D-47B6-A68D-7590B98EB39B}
	EndGlobalSection
EndGlobal
